
Microsoft Visual Studio Solution File, Format Version 12.00
# Visual Studio Version 16
VisualStudioVersion = 16.0.30114.105
MinimumVisualStudioVersion = 10.0.40219.1
Project("{2150E333-8FDC-42A3-9474-1A3956D46DE8}") = "src", "src", "{FA8DB72A-AB6E-417A-948E-86AF3703830C}"
EndProject
Project("{FAE04EC0-301F-11D3-BF4B-00C04F79EFBC}") = "Bowling", "src\Bowling\Bowling.csproj", "{7183935E-0645-495F-93C4-9A44279EA751}"
EndProject
Project("{FAE04EC0-301F-11D3-BF4B-00C04F79EFBC}") = "BowlingTest", "src\BowlingTest\BowlingTest.csproj", "{720EA6FB-79F7-4F55-BB6F-9ABD8F31019F}"
EndProject
Global
	GlobalSection(SolutionConfigurationPlatforms) = preSolution
		Debug|Any CPU = Debug|Any CPU
		Release|Any CPU = Release|Any CPU
	EndGlobalSection
	GlobalSection(SolutionProperties) = preSolution
		HideSolutionNode = FALSE
	EndGlobalSection
	GlobalSection(ProjectConfigurationPlatforms) = postSolution
		{7183935E-0645-495F-93C4-9A44279EA751}.Debug|Any CPU.ActiveCfg = Debug|Any CPU
		{7183935E-0645-495F-93C4-9A44279EA751}.Debug|Any CPU.Build.0 = Debug|Any CPU
		{7183935E-0645-495F-93C4-9A44279EA751}.Release|Any CPU.ActiveCfg = Release|Any CPU
		{7183935E-0645-495F-93C4-9A44279EA751}.Release|Any CPU.Build.0 = Release|Any CPU
		{720EA6FB-79F7-4F55-BB6F-9ABD8F31019F}.Debug|Any CPU.ActiveCfg = Debug|Any CPU
		{720EA6FB-79F7-4F55-BB6F-9ABD8F31019F}.Debug|Any CPU.Build.0 = Debug|Any CPU
		{720EA6FB-79F7-4F55-BB6F-9ABD8F31019F}.Release|Any CPU.ActiveCfg = Release|Any CPU
		{720EA6FB-79F7-4F55-BB6F-9ABD8F31019F}.Release|Any CPU.Build.0 = Release|Any CPU
	EndGlobalSection
	GlobalSection(NestedProjects) = preSolution
		{7183935E-0645-495F-93C4-9A44279EA751} = {FA8DB72A-AB6E-417A-948E-86AF3703830C}
		{720EA6FB-79F7-4F55-BB6F-9ABD8F31019F} = {FA8DB72A-AB6E-417A-948E-86AF3703830C}
	EndGlobalSection
EndGlobal
